{
  "name": "calendar",
  "version": "1.0.0",
  "lockfileVersion": 3,
  "requires": true,
  "packages": {
    "": {
      "name": "calendar",
      "version": "1.0.0",
      "dependencies": {
        "@fullcalendar/core": "^6.1.15",
        "@fullcalendar/daygrid": "^6.1.15",
        "@fullcalendar/icalendar": "^6.1.15",
        "ical.js": "^1.5.0"
      }
    },
    "node_modules/@fullcalendar/core": {
      "version": "6.1.15",
      "resolved": "https://registry.npmjs.org/@fullcalendar/core/-/core-6.1.15.tgz",
      "integrity": "sha512-BuX7o6ALpLb84cMw1FCB9/cSgF4JbVO894cjJZ6kP74jzbUZNjtwffwRdA+Id8rrLjT30d/7TrkW90k4zbXB5Q==",
      "license": "MIT",
      "dependencies": {
        "preact": "~10.12.1"
      }
    },
    "node_modules/@fullcalendar/daygrid": {
      "version": "6.1.15",
      "resolved": "https://registry.npmjs.org/@fullcalendar/daygrid/-/daygrid-6.1.15.tgz",
      "integrity": "sha512-j8tL0HhfiVsdtOCLfzK2J0RtSkiad3BYYemwQKq512cx6btz6ZZ2RNc/hVnIxluuWFyvx5sXZwoeTJsFSFTEFA==",
      "license": "MIT",
      "peerDependencies": {
        "@fullcalendar/core": "~6.1.15"
      }
    },
    "node_modules/@fullcalendar/icalendar": {
      "version": "6.1.15",
      "resolved": "https://registry.npmjs.org/@fullcalendar/icalendar/-/icalendar-6.1.15.tgz",
      "integrity": "sha512-iroDc02fjxWCEYE9Lg8x+4HCJTrt04ZgDddwm0LLaWUbtx24rEcnzJP34NUx0KOTLsBjel6U/33lXvU9qDCrhg==",
      "license": "MIT",
      "peerDependencies": {
        "@fullcalendar/core": "~6.1.15",
        "ical.js": "^1.4.0"
      }
    },
    "node_modules/ical.js": {
      "version": "1.5.0",
      "resolved": "https://registry.npmjs.org/ical.js/-/ical.js-1.5.0.tgz",
      "integrity": "sha512-7ZxMkogUkkaCx810yp0ZGKvq1ZpRgJeornPttpoxe6nYZ3NLesZe1wWMXDdwTkj/b5NtXT+Y16Aakph/ao98ZQ==",
      "license": "MPL-2.0"
    },
    "node_modules/preact": {
      "version": "10.12.1",
      "resolved": "https://registry.npmjs.org/preact/-/preact-10.12.1.tgz",
      "integrity": "sha512-l8386ixSsBdbreOAkqtrwqHwdvR35ID8c3rKPa8lCWuO86dBi32QWHV4vfsZK1utLLFMvw+Z5Ad4XLkZzchscg==",
      "license": "MIT",
      "funding": {
        "type": "opencollective",
        "url": "https://opencollective.com/preact"
      }
    }
  }
}
